// !$*UTF8*$!
{
	archiveVersion = 1;
	classes = {
	};
	objectVersion = 50;
	objects = {

/* Begin PBXBuildFile section */
		2BCDCA80227CED67008F5014 /* AppDelegate.swift in Sources */ = {isa = PBXBuildFile; fileRef = 2BCDCA7F227CED67008F5014 /* AppDelegate.swift */; };
		2BCDCA84227CED67008F5014 /* ViewController.swift in Sources */ = {isa = PBXBuildFile; fileRef = 2BCDCA83227CED67008F5014 /* ViewController.swift */; };
		2BCDCA87227CED67008F5014 /* Main.storyboard in Resources */ = {isa = PBXBuildFile; fileRef = 2BCDCA85227CED67008F5014 /* Main.storyboard */; };
		2BCDCA89227CED68008F5014 /* Assets.xcassets in Resources */ = {isa = PBXBuildFile; fileRef = 2BCDCA88227CED68008F5014 /* Assets.xcassets */; };
		2BCDCA8C227CED68008F5014 /* LaunchScreen.storyboard in Resources */ = {isa = PBXBuildFile; fileRef = 2BCDCA8A227CED68008F5014 /* LaunchScreen.storyboard */; };
		2BCDCA94227CEF61008F5014 /* scientists.json in Resources */ = {isa = PBXBuildFile; fileRef = 2BCDCA93227CEF61008F5014 /* scientists.json */; };
		2BCDCA96227CEFC7008F5014 /* Scientist.swift in Sources */ = {isa = PBXBuildFile; fileRef = 2BCDCA95227CEFC7008F5014 /* Scientist.swift */; };
/* End PBXBuildFile section */

/* Begin PBXFileReference section */
		2BCDCA7C227CED67008F5014 /* ARID.app */ = {isa = PBXFileReference; explicitFileType = wrapper.application; includeInIndex = 0; path = ARID.app; sourceTree = BUILT_PRODUCTS_DIR; };
		2BCDCA7F227CED67008F5014 /* AppDelegate.swift */ = {isa = PBXFileReference; lastKnownFileType = sourcecode.swift; path = AppDelegate.swift; sourceTree = "<group>"; };
		2BCDCA83227CED67008F5014 /* ViewController.swift */ = {isa = PBXFileReference; lastKnownFileType = sourcecode.swift; path = ViewController.swift; sourceTree = "<group>"; };
		2BCDCA86227CED67008F5014 /* Base */ = {isa = PBXFileReference; lastKnownFileType = file.storyboard; name = Base; path = Base.lproj/Main.storyboard; sourceTree = "<group>"; };
		2BCDCA88227CED68008F5014 /* Assets.xcassets */ = {isa = PBXFileReference; lastKnownFileType = folder.assetcatalog; path = Assets.xcassets; sourceTree = "<group>"; };
		2BCDCA8B227CED68008F5014 /* Base */ = {isa = PBXFileReference; lastKnownFileType = file.storyboard; name = Base; path = Base.lproj/LaunchScreen.storyboard; sourceTree = "<group>"; };
		2BCDCA8D227CED68008F5014 /* Info.plist */ = {isa = PBXFileReference; lastKnownFileType = text.plist.xml; path = Info.plist; sourceTree = "<group>"; };
		2BCDCA93227CEF61008F5014 /* scientists.json */ = {isa = PBXFileReference; fileEncoding = 4; lastKnownFileType = text.json; name = scientists.json; path = ../../Assets/scientists.json; sourceTree = "<group>"; };
		2BCDCA95227CEFC7008F5014 /* Scientist.swift */ = {isa = PBXFileReference; lastKnownFileType = sourcecode.swift; path = Scientist.swift; sourceTree = "<group>"; };
/* End PBXFileReference section */

/* Begin PBXFrameworksBuildPhase section */
		2BCDCA79227CED67008F5014 /* Frameworks */ = {
			isa = PBXFrameworksBuildPhase;
			buildActionMask = 2147483647;
			files = (
			);
			runOnlyForDeploymentPostprocessing = 0;
		};
/* End PBXFrameworksBuildPhase section */

/* Begin PBXGroup section */
		2BCDCA73227CED67008F5014 = {
			isa = PBXGroup;
			children = (
				2BCDCA7E227CED67008F5014 /* ARID */,
				2BCDCA7D227CED67008F5014 /* Products */,
			);
			sourceTree = "<group>";
		};
		2BCDCA7D227CED67008F5014 /* Products */ = {
			isa = PBXGroup;
			children = (
				2BCDCA7C227CED67008F5014 /* ARID.app */,
			);
			name = Products;
			sourceTree = "<group>";
		};
		2BCDCA7E227CED67008F5014 /* ARID */ = {
			isa = PBXGroup;
			children = (
				2BCDCA7F227CED67008F5014 /* AppDelegate.swift */,
				2BCDCA83227CED67008F5014 /* ViewController.swift */,
				2BCDCA85227CED67008F5014 /* Main.storyboard */,
				2BCDCA88227CED68008F5014 /* Assets.xcassets */,
				2BCDCA8A227CED68008F5014 /* LaunchScreen.storyboard */,
				2BCDCA8D227CED68008F5014 /* Info.plist */,
				2BCDCA93227CEF61008F5014 /* scientists.json */,
				2BCDCA95227CEFC7008F5014 /* Scientist.swift */,
			);
			path = ARID;
			sourceTree = "<group>";
		};
/* End PBXGroup section */

/* Begin PBXNativeTarget section */
		2BCDCA7B227CED67008F5014 /* ARID */ = {
			isa = PBXNativeTarget;
			buildConfigurationList = 2BCDCA90227CED68008F5014 /* Build configuration list for PBXNativeTarget "ARID" */;
			buildPhases = (
				2BCDCA78227CED67008F5014 /* Sources */,
				2BCDCA79227CED67008F5014 /* Frameworks */,
				2BCDCA7A227CED67008F5014 /* Resources */,
			);
			buildRules = (
			);
			dependencies = (
			);
			name = ARID;
			productName = ARID;
			productReference = 2BCDCA7C227CED67008F5014 /* ARID.app */;
			productType = "com.apple.product-type.application";
		};
/* End PBXNativeTarget section */

/* Begin PBXProject section */
		2BCDCA74227CED67008F5014 /* Project object */ = {
			isa = PBXProject;
			attributes = {
				LastSwiftUpdateCheck = 1010;
				LastUpgradeCheck = 1010;
				ORGANIZATIONNAME = AP2;
				TargetAttributes = {
					2BCDCA7B227CED67008F5014 = {
						CreatedOnToolsVersion = 10.1;
						LastSwiftMigration = 1020;
					};
				};
			};
			buildConfigurationList = 2BCDCA77227CED67008F5014 /* Build configuration list for PBXProject "ARID" */;
			compatibilityVersion = "Xcode 9.3";
			developmentRegion = en;
			hasScannedForEncodings = 0;
			knownRegions = (
				en,
				Base,
			);
			mainGroup = 2BCDCA73227CED67008F5014;
			productRefGroup = 2BCDCA7D227CED67008F5014 /* Products */;
			projectDirPath = "";
			projectRoot = "";
			targets = (
				2BCDCA7B227CED67008F5014 /* ARID */,
			);
		};
/* End PBXProject section */

/* Begin PBXResourcesBuildPhase section */
		2BCDCA7A227CED67008F5014 /* Resources */ = {
			isa = PBXResourcesBuildPhase;
			buildActionMask = 2147483647;
			files = (
				2BCDCA94227CEF61008F5014 /* scientists.json in Resources */,
				2BCDCA8C227CED68008F5014 /* LaunchScreen.storyboard in Resources */,
				2BCDCA89227CED68008F5014 /* Assets.xcassets in Resources */,
				2BCDCA87227CED67008F5014 /* Main.storyboard in Resources */,
			);
			runOnlyForDeploymentPostprocessing = 0;
		};
/* End PBXResourcesBuildPhase section */

/* Begin PBXSourcesBuildPhase section */
		2BCDCA78227CED67008F5014 /* Sources */ = {
			isa = PBXSourcesBuildPhase;
			buildActionMask = 2147483647;
			files = (
				2BCDCA84227CED67008F5014 /* ViewController.swift in Sources */,
				2BCDCA96227CEFC7008F5014 /* Scientist.swift in Sources */,
				2BCDCA80227CED67008F5014 /* AppDelegate.swift in Sources */,
			);
			runOnlyForDeploymentPostprocessing = 0;
		};
/* End PBXSourcesBuildPhase section */

/* Begin PBXVariantGroup section */
		2BCDCA85227CED67008F5014 /* Main.storyboard */ = {
			isa = PBXVariantGroup;
			children = (
				2BCDCA86227CED67008F5014 /* Base */,
			);
			name = Main.storyboard;
			sourceTree = "<group>";
		};
		2BCDCA8A227CED68008F5014 /* LaunchScreen.storyboard */ = {
			isa = PBXVariantGroup;
			children = (
				2BCDCA8B227CED68008F5014 /* Base */,
			);
			name = LaunchScreen.storyboard;
			sourceTree = "<group>";
		};
/* End PBXVariantGroup section */

/* Begin XCBuildConfiguration section */
		2BCDCA8E227CED68008F5014 /* Debug */ = {
			isa = XCBuildConfiguration;
			buildSettings = {
				ALWAYS_SEARCH_USER_PATHS = NO;
				CLANG_ANALYZER_NONNULL = YES;
				CLANG_ANALYZER_NUMBER_OBJECT_CONVERSION = YES_AGGRESSIVE;
				CLANG_CXX_LANGUAGE_STANDARD = "gnu++14";
				CLANG_CXX_LIBRARY = "libc++";
				CLANG_ENABLE_MODULES = YES;
				CLANG_ENABLE_OBJC_ARC = YES;
				CLANG_ENABLE_OBJC_WEAK = YES;
				CLANG_WARN_BLOCK_CAPTURE_AUTORELEASING = YES;
				CLANG_WARN_BOOL_CONVERSION = YES;
				CLANG_WARN_COMMA = YES;
				CLANG_WARN_CONSTANT_CONVERSION = YES;
				CLANG_WARN_DEPRECATED_OBJC_IMPLEMENTATIONS = YES;
				CLANG_WARN_DIRECT_OBJC_ISA_USAGE = YES_ERROR;
				CLANG_WARN_DOCUMENTATION_COMMENTS = YES;
				CLANG_WARN_EMPTY_BODY = YES;
				CLANG_WARN_ENUM_CONVERSION = YES;
				CLANG_WARN_INFINITE_RECURSION = YES;
				CLANG_WARN_INT_CONVERSION = YES;
				CLANG_WARN_NON_LITERAL_NULL_CONVERSION = YES;
				CLANG_WARN_OBJC_IMPLICIT_RETAIN_SELF = YES;
				CLANG_WARN_OBJC_LITERAL_CONVERSION = YES;
				CLANG_WARN_OBJC_ROOT_CLASS = YES_ERROR;
				CLANG_WARN_RANGE_LOOP_ANALYSIS = YES;
				CLANG_WARN_STRICT_PROTOTYPES = YES;
				CLANG_WARN_SUSPICIOUS_MOVE = YES;
				CLANG_WARN_UNGUARDED_AVAILABILITY = YES_AGGRESSIVE;
				CLANG_WARN_UNREACHABLE_CODE = YES;
				CLANG_WARN__DUPLICATE_METHOD_MATCH = YES;
				CODE_SIGN_IDENTITY = "iPhone Developer";
				COPY_PHASE_STRIP = NO;
				DEBUG_INFORMATION_FORMAT = dwarf;
				ENABLE_STRICT_OBJC_MSGSEND = YES;
				ENABLE_TESTABILITY = YES;
				GCC_C_LANGUAGE_STANDARD = gnu11;
				GCC_DYNAMIC_NO_PIC = NO;
				GCC_NO_COMMON_BLOCKS = YES;
				GCC_OPTIMIZATION_LEVEL = 0;
				GCC_PREPROCESSOR_DEFINITIONS = (
					"DEBUG=1",
					"$(inherited)",
				);
				GCC_WARN_64_TO_32_BIT_CONVERSION = YES;
				GCC_WARN_ABOUT_RETURN_TYPE = YES_ERROR;
				GCC_WARN_UNDECLARED_SELECTOR = YES;
				GCC_WARN_UNINITIALIZED_AUTOS = YES_AGGRESSIVE;
				GCC_WARN_UNUSED_FUNCTION = YES;
				GCC_WARN_UNUSED_VARIABLE = YES;
				IPHONEOS_DEPLOYMENT_TARGET = 12.1;
				MTL_ENABLE_DEBUG_INFO = INCLUDE_SOURCE;
				MTL_FAST_MATH = YES;
				ONLY_ACTIVE_ARCH = YES;
				SDKROOT = iphoneos;
				SWIFT_ACTIVE_COMPILATION_CONDITIONS = DEBUG;
				SWIFT_OPTIMIZATION_LEVEL = "-Onone";
			};
			name = Debug;
		};
		2BCDCA8F227CED68008F5014 /* Release */ = {
			isa = XCBuildConfiguration;
			buildSettings = {
				ALWAYS_SEARCH_USER_PATHS = NO;
				CLANG_ANALYZER_NONNULL = YES;
				CLANG_ANALYZER_NUMBER_OBJECT_CONVERSION = YES_AGGRESSIVE;
				CLANG_CXX_LANGUAGE_STANDARD = "gnu++14";
				CLANG_CXX_LIBRARY = "libc++";
				CLANG_ENABLE_MODULES = YES;
				CLANG_ENABLE_OBJC_ARC = YES;
				CLANG_ENABLE_OBJC_WEAK = YES;
				CLANG_WARN_BLOCK_CAPTURE_AUTORELEASING = YES;
				CLANG_WARN_BOOL_CONVERSION = YES;
				CLANG_WARN_COMMA = YES;
				CLANG_WARN_CONSTANT_CONVERSION = YES;
				CLANG_WARN_DEPRECATED_OBJC_IMPLEMENTATIONS = YES;
				CLANG_WARN_DIRECT_OBJC_ISA_USAGE = YES_ERROR;
				CLANG_WARN_DOCUMENTATION_COMMENTS = YES;
				CLANG_WARN_EMPTY_BODY = YES;
				CLANG_WARN_ENUM_CONVERSION = YES;
				CLANG_WARN_INFINITE_RECURSION = YES;
				CLANG_WARN_INT_CONVERSION = YES;
				CLANG_WARN_NON_LITERAL_NULL_CONVERSION = YES;
				CLANG_WARN_OBJC_IMPLICIT_RETAIN_SELF = YES;
				CLANG_WARN_OBJC_LITERAL_CONVERSION = YES;
				CLANG_WARN_OBJC_ROOT_CLASS = YES_ERROR;
				CLANG_WARN_RANGE_LOOP_ANALYSIS = YES;
				CLANG_WARN_STRICT_PROTOTYPES = YES;
				CLANG_WARN_SUSPICIOUS_MOVE = YES;
				CLANG_WARN_UNGUARDED_AVAILABILITY = YES_AGGRESSIVE;
				CLANG_WARN_UNREACHABLE_CODE = YES;
				CLANG_WARN__DUPLICATE_METHOD_MATCH = YES;
				CODE_SIGN_IDENTITY = "iPhone Developer";
				COPY_PHASE_STRIP = NO;
				DEBUG_INFORMATION_FORMAT = "dwarf-with-dsym";
				ENABLE_NS_ASSERTIONS = NO;
				ENABLE_STRICT_OBJC_MSGSEND = YES;
				GCC_C_LANGUAGE_STANDARD = gnu11;
				GCC_NO_COMMON_BLOCKS = YES;
				GCC_WARN_64_TO_32_BIT_CONVERSION = YES;
				GCC_WARN_ABOUT_RETURN_TYPE = YES_ERROR;
				GCC_WARN_UNDECLARED_SELECTOR = YES;
				GCC_WARN_UNINITIALIZED_AUTOS = YES_AGGRESSIVE;
				GCC_WARN_UNUSED_FUNCTION = YES;
				GCC_WARN_UNUSED_VARIABLE = YES;
				IPHONEOS_DEPLOYMENT_TARGET = 12.1;
				MTL_ENABLE_DEBUG_INFO = NO;
				MTL_FAST_MATH = YES;
				SDKROOT = iphoneos;
				SWIFT_COMPILATION_MODE = wholemodule;
				SWIFT_OPTIMIZATION_LEVEL = "-O";
				VALIDATE_PRODUCT = YES;
			};
			name = Release;
		};
		2BCDCA91227CED68008F5014 /* Debug */ = {
			isa = XCBuildConfiguration;
			buildSettings = {
				ASSETCATALOG_COMPILER_APPICON_NAME = AppIcon;
				CODE_SIGN_IDENTITY = "Apple Development";
				CODE_SIGN_STYLE = Automatic;
				DEVELOPMENT_TEAM = 82Q87747B6;
				INFOPLIST_FILE = ARID/Info.plist;
				LD_RUNPATH_SEARCH_PATHS = (
					"$(inherited)",
					"@executable_path/Frameworks",
				);
				PRODUCT_BUNDLE_IDENTIFIER = com.AP2.ARID;
				PRODUCT_NAME = "$(TARGET_NAME)";
				PROVISIONING_PROFILE_SPECIFIER = "";
				SWIFT_VERSION = 5.0;
				TARGETED_DEVICE_FAMILY = "1,2";
			};
			name = Debug;
		};
		2BCDCA92227CED68008F5014 /* Release */ = {
			isa = XCBuildConfiguration;
			buildSettings = {
				ASSETCATALOG_COMPILER_APPICON_NAME = AppIcon;
				CODE_SIGN_IDENTITY = "Apple Development";
				CODE_SIGN_STYLE = Automatic;
				DEVELOPMENT_TEAM = 82Q87747B6;
				INFOPLIST_FILE = ARID/Info.plist;
				LD_RUNPATH_SEARCH_PATHS = (
					"$(inherited)",
					"@executable_path/Frameworks",
				);
				PRODUCT_BUNDLE_IDENTIFIER = com.AP2.ARID;
				PRODUCT_NAME = "$(TARGET_NAME)";
				PROVISIONING_PROFILE_SPECIFIER = "";
				SWIFT_VERSION = 5.0;
				TARGETED_DEVICE_FAMILY = "1,2";
			};
			name = Release;
		};
/* End XCBuildConfiguration section */

/* Begin XCConfigurationList section */
		2BCDCA77227CED67008F5014 /* Build configuration list for PBXProject "ARID" */ = {
			isa = XCConfigurationList;
			buildConfigurations = (
				2BCDCA8E227CED68008F5014 /* Debug */,
				2BCDCA8F227CED68008F5014 /* Release */,
			);
			defaultConfigurationIsVisible = 0;
			defaultConfigurationName = Release;
		};
		2BCDCA90227CED68008F5014 /* Build configuration list for PBXNativeTarget "ARID" */ = {
			isa = XCConfigurationList;
			buildConfigurations = (
				2BCDCA91227CED68008F5014 /* Debug */,
				2BCDCA92227CED68008F5014 /* Release */,
			);
			defaultConfigurationIsVisible = 0;
			defaultConfigurationName = Release;
		};
/* End XCConfigurationList section */
	};
	rootObject = 2BCDCA74227CED67008F5014 /* Project object */;
}
